
Microsoft Visual Studio Solution File, Format Version 12.00
# Visual Studio Version 16
VisualStudioVersion = 16.0.30717.126
MinimumVisualStudioVersion = 15.0.26124.0
Project("{9A19103F-16F7-4668-BE54-9A1E7A4F7556}") = "LocalLibrary.Core", "LocalLibrary.Core\LocalLibrary.Core.csproj", "{59B0C16A-33A2-44B4-B059-5351DF575381}"
EndProject
Project("{9A19103F-16F7-4668-BE54-9A1E7A4F7556}") = "LocalLibrary.Infrastructure", "LocalLibrary.Infrastructure\LocalLibrary.Infrastructure.csproj", "{0B7A7CF5-B553-4597-985C-1F5B44F98330}"
EndProject
Project("{9A19103F-16F7-4668-BE54-9A1E7A4F7556}") = "LocalLibrary.API", "LocalLibrary.API\LocalLibrary.API.csproj", "{99FCB203-2BBC-4039-B526-63F847E65EDA}"
EndProject
Project("{9A19103F-16F7-4668-BE54-9A1E7A4F7556}") = "LocalLibrary.Tests", "LocalLibrary.Tests\LocalLibrary.Tests.csproj", "{BCED40EE-5FC1-4DF3-BA1E-38DF005AB6A7}"
EndProject
Global
	GlobalSection(SolutionConfigurationPlatforms) = preSolution
		Debug|Any CPU = Debug|Any CPU
		Debug|x64 = Debug|x64
		Debug|x86 = Debug|x86
		Release|Any CPU = Release|Any CPU
		Release|x64 = Release|x64
		Release|x86 = Release|x86
	EndGlobalSection
	GlobalSection(ProjectConfigurationPlatforms) = postSolution
		{59B0C16A-33A2-44B4-B059-5351DF575381}.Debug|Any CPU.ActiveCfg = Debug|Any CPU
		{59B0C16A-33A2-44B4-B059-5351DF575381}.Debug|Any CPU.Build.0 = Debug|Any CPU
		{59B0C16A-33A2-44B4-B059-5351DF575381}.Debug|x64.ActiveCfg = Debug|Any CPU
		{59B0C16A-33A2-44B4-B059-5351DF575381}.Debug|x64.Build.0 = Debug|Any CPU
		{59B0C16A-33A2-44B4-B059-5351DF575381}.Debug|x86.ActiveCfg = Debug|Any CPU
		{59B0C16A-33A2-44B4-B059-5351DF575381}.Debug|x86.Build.0 = Debug|Any CPU
		{59B0C16A-33A2-44B4-B059-5351DF575381}.Release|Any CPU.ActiveCfg = Release|Any CPU
		{59B0C16A-33A2-44B4-B059-5351DF575381}.Release|Any CPU.Build.0 = Release|Any CPU
		{59B0C16A-33A2-44B4-B059-5351DF575381}.Release|x64.ActiveCfg = Release|Any CPU
		{59B0C16A-33A2-44B4-B059-5351DF575381}.Release|x64.Build.0 = Release|Any CPU
		{59B0C16A-33A2-44B4-B059-5351DF575381}.Release|x86.ActiveCfg = Release|Any CPU
		{59B0C16A-33A2-44B4-B059-5351DF575381}.Release|x86.Build.0 = Release|Any CPU
		{0B7A7CF5-B553-4597-985C-1F5B44F98330}.Debug|Any CPU.ActiveCfg = Debug|Any CPU
		{0B7A7CF5-B553-4597-985C-1F5B44F98330}.Debug|Any CPU.Build.0 = Debug|Any CPU
		{0B7A7CF5-B553-4597-985C-1F5B44F98330}.Debug|x64.ActiveCfg = Debug|Any CPU
		{0B7A7CF5-B553-4597-985C-1F5B44F98330}.Debug|x64.Build.0 = Debug|Any CPU
		{0B7A7CF5-B553-4597-985C-1F5B44F98330}.Debug|x86.ActiveCfg = Debug|Any CPU
		{0B7A7CF5-B553-4597-985C-1F5B44F98330}.Debug|x86.Build.0 = Debug|Any CPU
		{0B7A7CF5-B553-4597-985C-1F5B44F98330}.Release|Any CPU.ActiveCfg = Release|Any CPU
		{0B7A7CF5-B553-4597-985C-1F5B44F98330}.Release|Any CPU.Build.0 = Release|Any CPU
		{0B7A7CF5-B553-4597-985C-1F5B44F98330}.Release|x64.ActiveCfg = Release|Any CPU
		{0B7A7CF5-B553-4597-985C-1F5B44F98330}.Release|x64.Build.0 = Release|Any CPU
		{0B7A7CF5-B553-4597-985C-1F5B44F98330}.Release|x86.ActiveCfg = Release|Any CPU
		{0B7A7CF5-B553-4597-985C-1F5B44F98330}.Release|x86.Build.0 = Release|Any CPU
		{99FCB203-2BBC-4039-B526-63F847E65EDA}.Debug|Any CPU.ActiveCfg = Debug|Any CPU
		{99FCB203-2BBC-4039-B526-63F847E65EDA}.Debug|Any CPU.Build.0 = Debug|Any CPU
		{99FCB203-2BBC-4039-B526-63F847E65EDA}.Debug|x64.ActiveCfg = Debug|Any CPU
		{99FCB203-2BBC-4039-B526-63F847E65EDA}.Debug|x64.Build.0 = Debug|Any CPU
		{99FCB203-2BBC-4039-B526-63F847E65EDA}.Debug|x86.ActiveCfg = Debug|Any CPU
		{99FCB203-2BBC-4039-B526-63F847E65EDA}.Debug|x86.Build.0 = Debug|Any CPU
		{99FCB203-2BBC-4039-B526-63F847E65EDA}.Release|Any CPU.ActiveCfg = Release|Any CPU
		{99FCB203-2BBC-4039-B526-63F847E65EDA}.Release|Any CPU.Build.0 = Release|Any CPU
		{99FCB203-2BBC-4039-B526-63F847E65EDA}.Release|x64.ActiveCfg = Release|Any CPU
		{99FCB203-2BBC-4039-B526-63F847E65EDA}.Release|x64.Build.0 = Release|Any CPU
		{99FCB203-2BBC-4039-B526-63F847E65EDA}.Release|x86.ActiveCfg = Release|Any CPU
		{99FCB203-2BBC-4039-B526-63F847E65EDA}.Release|x86.Build.0 = Release|Any CPU
		{BCED40EE-5FC1-4DF3-BA1E-38DF005AB6A7}.Debug|Any CPU.ActiveCfg = Debug|Any CPU
		{BCED40EE-5FC1-4DF3-BA1E-38DF005AB6A7}.Debug|Any CPU.Build.0 = Debug|Any CPU
		{BCED40EE-5FC1-4DF3-BA1E-38DF005AB6A7}.Debug|x64.ActiveCfg = Debug|Any CPU
		{BCED40EE-5FC1-4DF3-BA1E-38DF005AB6A7}.Debug|x64.Build.0 = Debug|Any CPU
		{BCED40EE-5FC1-4DF3-BA1E-38DF005AB6A7}.Debug|x86.ActiveCfg = Debug|Any CPU
		{BCED40EE-5FC1-4DF3-BA1E-38DF005AB6A7}.Debug|x86.Build.0 = Debug|Any CPU
		{BCED40EE-5FC1-4DF3-BA1E-38DF005AB6A7}.Release|Any CPU.ActiveCfg = Release|Any CPU
		{BCED40EE-5FC1-4DF3-BA1E-38DF005AB6A7}.Release|Any CPU.Build.0 = Release|Any CPU
		{BCED40EE-5FC1-4DF3-BA1E-38DF005AB6A7}.Release|x64.ActiveCfg = Release|Any CPU
		{BCED40EE-5FC1-4DF3-BA1E-38DF005AB6A7}.Release|x64.Build.0 = Release|Any CPU
		{BCED40EE-5FC1-4DF3-BA1E-38DF005AB6A7}.Release|x86.ActiveCfg = Release|Any CPU
		{BCED40EE-5FC1-4DF3-BA1E-38DF005AB6A7}.Release|x86.Build.0 = Release|Any CPU
	EndGlobalSection
	GlobalSection(SolutionProperties) = preSolution
		HideSolutionNode = FALSE
	EndGlobalSection
	GlobalSection(ExtensibilityGlobals) = postSolution
		SolutionGuid = {CFB69BE2-7D8A-4A46-A181-DB229E978787}
	EndGlobalSection
EndGlobal
